# THIS IS AN AUTOGENERATED FILE. DO NOT EDIT THIS FILE DIRECTLY.
# yarn lockfile v1


acorn-jsx@^5.2.0:
  version "5.2.0"
  resolved "https://registry.yarnpkg.com/acorn-jsx/-/acorn-jsx-5.2.0.tgz#4c66069173d6fdd68ed85239fc256226182b2ebe"
  integrity sha512-HiUX/+K2YpkpJ+SzBffkM/AQ2YE03S0U1kjTLVpoJdhZMOWy8qvXVN9JdLqv2QsaQ6MPYQIuNmwD8zOiYUofLQ==

acorn@^7.1.1:
  version "7.1.1"
  resolved "https://registry.yarnpkg.com/acorn/-/acorn-7.1.1.tgz#e35668de0b402f359de515c5482a1ab9f89a69bf"
  integrity sha512-add7dgA5ppRPxCFJoAGfMDi7PIBXq1RtGo7BhbLaxwrXPOmw8gq48Y9ozT01hUKy9byMjlR20EJhu5zlkErEkg==

astring@^1.4.3:
  version "1.4.3"
  resolved "https://registry.yarnpkg.com/astring/-/astring-1.4.3.tgz#b99d4b0349bc7b28934bb9f03f86ec34d69c3a09"
  integrity sha512-yJlJU/bmN820vL+cbWShu2YQU87dBP5V7BH2N4wODapRv27A2dZtUD0LgjP9lZENvPe9XRoSyWx+pZR6qKqNBw==

browser-split@0.0.1:
  version "0.0.1"
  resolved "https://registry.yarnpkg.com/browser-split/-/browser-split-0.0.1.tgz#7b097574f8e3ead606fb4664e64adfdda2981a93"
  integrity sha1-ewl1dPjj6tYG+0Zk5krf3aKYGpM=

"castella@file:../castella":
  version "1.0.0"
  dependencies:
    snabbdom "0.7.4"
    snabbdom-to-html "6.0.0"

lodash.escape@^4.0.1:
  version "4.0.1"
  resolved "https://registry.yarnpkg.com/lodash.escape/-/lodash.escape-4.0.1.tgz#c9044690c21e04294beaa517712fded1fa88de98"
  integrity sha1-yQRGkMIeBClL6qUXcS/e0fqI3pg=

lodash.forown@^4.4.0:
  version "4.4.0"
  resolved "https://registry.yarnpkg.com/lodash.forown/-/lodash.forown-4.4.0.tgz#85115cf04f73ef966eced52511d3893cc46683af"
  integrity sha1-hRFc8E9z75ZuztUlEdOJPMRmg68=

lodash.kebabcase@^4.1.1:
  version "4.1.1"
  resolved "https://registry.yarnpkg.com/lodash.kebabcase/-/lodash.kebabcase-4.1.1.tgz#8489b1cb0d29ff88195cceca448ff6d6cc295c36"
  integrity sha1-hImxyw0p/4gZXM7KRI/21swpXDY=

lodash.remove@^4.7.0:
  version "4.7.0"
  resolved "https://registry.yarnpkg.com/lodash.remove/-/lodash.remove-4.7.0.tgz#f31d31e7c39a0690d5074ec0d3627162334ee626"
  integrity sha1-8x0x58OaBpDVB07A02JxYjNO5iY=

lodash.uniq@^4.5.0:
  version "4.5.0"
  resolved "https://registry.yarnpkg.com/lodash.uniq/-/lodash.uniq-4.5.0.tgz#d0225373aeb652adc1bc82e4945339a842754773"
  integrity sha1-0CJTc662Uq3BvILklFM5qEJ1R3M=

object-assign@^4.1.0:
  version "4.1.1"
  resolved "https://registry.yarnpkg.com/object-assign/-/object-assign-4.1.1.tgz#2109adc7965887cfc05cbbd442cac8bfbb360863"
  integrity sha1-IQmtx5ZYh8/AXLvUQsrIv7s2CGM=

parse-sel@^1.0.0:
  version "1.0.0"
  resolved "https://registry.yarnpkg.com/parse-sel/-/parse-sel-1.0.0.tgz#b9300d2bb946a06c22c98e208e47b2088690cbdd"
  integrity sha1-uTANK7lGoGwiyY4gjkeyCIaQy90=
  dependencies:
    browser-split "0.0.1"

snabbdom-to-html@6.0.0:
  version "6.0.0"
  resolved "https://registry.yarnpkg.com/snabbdom-to-html/-/snabbdom-to-html-6.0.0.tgz#228599565df2da3aa4e47cc1297b9f30c60147ab"
  integrity sha512-VR6xG9VuZc47cxNAhPPjnz4phqgqcCHfnr6+Ltol7d999vTHB9kZUu/bMpGPhRg/mrx0STherECz2ZbBUSj2+Q==
  dependencies:
    lodash.escape "^4.0.1"
    lodash.forown "^4.4.0"
    lodash.kebabcase "^4.1.1"
    lodash.remove "^4.7.0"
    lodash.uniq "^4.5.0"
    object-assign "^4.1.0"
    parse-sel "^1.0.0"

snabbdom@0.7.4:
  version "0.7.4"
  resolved "https://registry.yarnpkg.com/snabbdom/-/snabbdom-0.7.4.tgz#817f07e8d3fb870960c3763b8da56f1ba982d31a"
  integrity sha512-nnN+7uZ2NTIiu7EPMNwSDhmrYXqwlfCP/j72RdzvDPujXyvQxOW7Jl9yuLayzxMHDNWQR7FM6Pcn4wnDpKRe6Q==
